
Microsoft Visual Studio Solution File, Format Version 12.00
# Visual Studio Version 17
VisualStudioVersion = 17.8.34511.84
MinimumVisualStudioVersion = 10.0.40219.1
Project("{FAE04EC0-301F-11D3-BF4B-00C04F79EFBC}") = "ConsoleApp", "ConsoleApp\ConsoleApp.csproj", "{B41BD26B-570D-4927-AA47-3D878A08EFD2}"
EndProject
Global
	GlobalSection(SolutionConfigurationPlatforms) = preSolution
		Debug|Any CPU = Debug|Any CPU
		Release|Any CPU = Release|Any CPU
	EndGlobalSection
	GlobalSection(ProjectConfigurationPlatforms) = postSolution
		{B41BD26B-570D-4927-AA47-3D878A08EFD2}.Debug|Any CPU.ActiveCfg = Debug|Any CPU
		{B41BD26B-570D-4927-AA47-3D878A08EFD2}.Debug|Any CPU.Build.0 = Debug|Any CPU
		{B41BD26B-570D-4927-AA47-3D878A08EFD2}.Release|Any CPU.ActiveCfg = Release|Any CPU
		{B41BD26B-570D-4927-AA47-3D878A08EFD2}.Release|Any CPU.Build.0 = Release|Any CPU
	EndGlobalSection
	GlobalSection(SolutionProperties) = preSolution
		HideSolutionNode = FALSE
	EndGlobalSection
	GlobalSection(ExtensibilityGlobals) = postSolution
		SolutionGuid = {30D19A39-DA26-4484-A972-52C3C1D43003}
	EndGlobalSection
EndGlobal
